
Microsoft Visual Studio Solution File, Format Version 12.00
# Visual Studio Version 17
VisualStudioVersion = 17.10.35013.160
MinimumVisualStudioVersion = 10.0.40219.1
Project("{FAE04EC0-301F-11D3-BF4B-00C04F79EFBC}") = "DBWorldApp", "DBWorldApp\DBWorldApp.csproj", "{CF428F38-AC3D-412B-B82B-7F408C646ECC}"
EndProject
Global
	GlobalSection(SolutionConfigurationPlatforms) = preSolution
		Debug|Any CPU = Debug|Any CPU
		Release|Any CPU = Release|Any CPU
	EndGlobalSection
	GlobalSection(ProjectConfigurationPlatforms) = postSolution
		{CF428F38-AC3D-412B-B82B-7F408C646ECC}.Debug|Any CPU.ActiveCfg = Debug|Any CPU
		{CF428F38-AC3D-412B-B82B-7F408C646ECC}.Debug|Any CPU.Build.0 = Debug|Any CPU
		{CF428F38-AC3D-412B-B82B-7F408C646ECC}.Release|Any CPU.ActiveCfg = Release|Any CPU
		{CF428F38-AC3D-412B-B82B-7F408C646ECC}.Release|Any CPU.Build.0 = Release|Any CPU
	EndGlobalSection
	GlobalSection(SolutionProperties) = preSolution
		HideSolutionNode = FALSE
	EndGlobalSection
	GlobalSection(ExtensibilityGlobals) = postSolution
		SolutionGuid = {C55F7B2C-0BAF-4990-988A-2359D9E36085}
	EndGlobalSection
EndGlobal
